{
  "name": "capacitor-white-label",
  "version": "0.1.2",
  "lockfileVersion": 3,
  "requires": true,
  "packages": {
    "": {
      "name": "capacitor-white-label",
      "version": "0.1.2",
      "license": "ISC",
      "bin": {
        "cap-white-label": "bin/cap-white-label"
      }
    }
  }
}
